
Microsoft Visual Studio Solution File, Format Version 12.00
# Visual Studio 15
VisualStudioVersion = 15.0.27004.2009
MinimumVisualStudioVersion = 10.0.40219.1
Project("{FAE04EC0-301F-11D3-BF4B-00C04F79EFBC}") = "EPUComponent", "EPUComponent\EPUComponent.csproj", "{14EEA777-95E6-4421-90E3-C3F804823B11}"
EndProject
Global
	GlobalSection(SolutionConfigurationPlatforms) = preSolution
		Debug|Any CPU = Debug|Any CPU
		Release|Any CPU = Release|Any CPU
	EndGlobalSection
	GlobalSection(ProjectConfigurationPlatforms) = postSolution
		{14EEA777-95E6-4421-90E3-C3F804823B11}.Debug|Any CPU.ActiveCfg = Debug|Any CPU
		{14EEA777-95E6-4421-90E3-C3F804823B11}.Debug|Any CPU.Build.0 = Debug|Any CPU
		{14EEA777-95E6-4421-90E3-C3F804823B11}.Release|Any CPU.ActiveCfg = Release|Any CPU
		{14EEA777-95E6-4421-90E3-C3F804823B11}.Release|Any CPU.Build.0 = Release|Any CPU
	EndGlobalSection
	GlobalSection(SolutionProperties) = preSolution
		HideSolutionNode = FALSE
	EndGlobalSection
	GlobalSection(ExtensibilityGlobals) = postSolution
		SolutionGuid = {DBC85EB5-18BE-428F-BE23-00E88C81E24C}
	EndGlobalSection
EndGlobal
